
Microsoft Visual Studio Solution File, Format Version 12.00
# Visual Studio Version 16
VisualStudioVersion = 16.0.31702.278
MinimumVisualStudioVersion = 10.0.40219.1
Project("{9A19103F-16F7-4668-BE54-9A1E7A4F7556}") = "MasterMobile.Domain", "MasterMobile.Domain\MasterMobile.Domain.csproj", "{23D40EC4-8638-4F3A-BA9D-AA4B5D97432D}"
EndProject
Project("{9A19103F-16F7-4668-BE54-9A1E7A4F7556}") = "MasterMobile.Infrastructure", "MasterMobile.Infrastructure\MasterMobile.Infrastructure.csproj", "{888972E7-35C9-4872-BE41-F6FF0E9FB88E}"
EndProject
Project("{9A19103F-16F7-4668-BE54-9A1E7A4F7556}") = "MasterMobile", "MasterMobile\MasterMobile\MasterMobile.csproj", "{90B4C4CF-B304-45D8-A883-B346E19FD29A}"
EndProject
Project("{FAE04EC0-301F-11D3-BF4B-00C04F79EFBC}") = "MasterMobile.Android", "MasterMobile\MasterMobile.Android\MasterMobile.Android.csproj", "{6D875CA5-2D9A-4A1F-89FE-06DF9A25F2B9}"
EndProject
Project("{FAE04EC0-301F-11D3-BF4B-00C04F79EFBC}") = "MasterMobile.iOS", "MasterMobile\MasterMobile.iOS\MasterMobile.iOS.csproj", "{7210FF78-B091-4C70-B66C-DD32162484D9}"
EndProject
Global
	GlobalSection(SolutionConfigurationPlatforms) = preSolution
		Debug|Any CPU = Debug|Any CPU
		Debug|iPhone = Debug|iPhone
		Debug|iPhoneSimulator = Debug|iPhoneSimulator
		Release|Any CPU = Release|Any CPU
		Release|iPhone = Release|iPhone
		Release|iPhoneSimulator = Release|iPhoneSimulator
	EndGlobalSection
	GlobalSection(ProjectConfigurationPlatforms) = postSolution
		{23D40EC4-8638-4F3A-BA9D-AA4B5D97432D}.Debug|Any CPU.ActiveCfg = Debug|Any CPU
		{23D40EC4-8638-4F3A-BA9D-AA4B5D97432D}.Debug|Any CPU.Build.0 = Debug|Any CPU
		{23D40EC4-8638-4F3A-BA9D-AA4B5D97432D}.Debug|iPhone.ActiveCfg = Debug|Any CPU
		{23D40EC4-8638-4F3A-BA9D-AA4B5D97432D}.Debug|iPhone.Build.0 = Debug|Any CPU
		{23D40EC4-8638-4F3A-BA9D-AA4B5D97432D}.Debug|iPhoneSimulator.ActiveCfg = Debug|Any CPU
		{23D40EC4-8638-4F3A-BA9D-AA4B5D97432D}.Debug|iPhoneSimulator.Build.0 = Debug|Any CPU
		{23D40EC4-8638-4F3A-BA9D-AA4B5D97432D}.Release|Any CPU.ActiveCfg = Release|Any CPU
		{23D40EC4-8638-4F3A-BA9D-AA4B5D97432D}.Release|Any CPU.Build.0 = Release|Any CPU
		{23D40EC4-8638-4F3A-BA9D-AA4B5D97432D}.Release|iPhone.ActiveCfg = Release|Any CPU
		{23D40EC4-8638-4F3A-BA9D-AA4B5D97432D}.Release|iPhone.Build.0 = Release|Any CPU
		{23D40EC4-8638-4F3A-BA9D-AA4B5D97432D}.Release|iPhoneSimulator.ActiveCfg = Release|Any CPU
		{23D40EC4-8638-4F3A-BA9D-AA4B5D97432D}.Release|iPhoneSimulator.Build.0 = Release|Any CPU
		{888972E7-35C9-4872-BE41-F6FF0E9FB88E}.Debug|Any CPU.ActiveCfg = Debug|Any CPU
		{888972E7-35C9-4872-BE41-F6FF0E9FB88E}.Debug|Any CPU.Build.0 = Debug|Any CPU
		{888972E7-35C9-4872-BE41-F6FF0E9FB88E}.Debug|iPhone.ActiveCfg = Debug|Any CPU
		{888972E7-35C9-4872-BE41-F6FF0E9FB88E}.Debug|iPhone.Build.0 = Debug|Any CPU
		{888972E7-35C9-4872-BE41-F6FF0E9FB88E}.Debug|iPhoneSimulator.ActiveCfg = Debug|Any CPU
		{888972E7-35C9-4872-BE41-F6FF0E9FB88E}.Debug|iPhoneSimulator.Build.0 = Debug|Any CPU
		{888972E7-35C9-4872-BE41-F6FF0E9FB88E}.Release|Any CPU.ActiveCfg = Release|Any CPU
		{888972E7-35C9-4872-BE41-F6FF0E9FB88E}.Release|Any CPU.Build.0 = Release|Any CPU
		{888972E7-35C9-4872-BE41-F6FF0E9FB88E}.Release|iPhone.ActiveCfg = Release|Any CPU
		{888972E7-35C9-4872-BE41-F6FF0E9FB88E}.Release|iPhone.Build.0 = Release|Any CPU
		{888972E7-35C9-4872-BE41-F6FF0E9FB88E}.Release|iPhoneSimulator.ActiveCfg = Release|Any CPU
		{888972E7-35C9-4872-BE41-F6FF0E9FB88E}.Release|iPhoneSimulator.Build.0 = Release|Any CPU
		{90B4C4CF-B304-45D8-A883-B346E19FD29A}.Debug|Any CPU.ActiveCfg = Debug|Any CPU
		{90B4C4CF-B304-45D8-A883-B346E19FD29A}.Debug|Any CPU.Build.0 = Debug|Any CPU
		{90B4C4CF-B304-45D8-A883-B346E19FD29A}.Debug|iPhone.ActiveCfg = Debug|Any CPU
		{90B4C4CF-B304-45D8-A883-B346E19FD29A}.Debug|iPhone.Build.0 = Debug|Any CPU
		{90B4C4CF-B304-45D8-A883-B346E19FD29A}.Debug|iPhoneSimulator.ActiveCfg = Debug|Any CPU
		{90B4C4CF-B304-45D8-A883-B346E19FD29A}.Debug|iPhoneSimulator.Build.0 = Debug|Any CPU
		{90B4C4CF-B304-45D8-A883-B346E19FD29A}.Release|Any CPU.ActiveCfg = Release|Any CPU
		{90B4C4CF-B304-45D8-A883-B346E19FD29A}.Release|Any CPU.Build.0 = Release|Any CPU
		{90B4C4CF-B304-45D8-A883-B346E19FD29A}.Release|iPhone.ActiveCfg = Release|Any CPU
		{90B4C4CF-B304-45D8-A883-B346E19FD29A}.Release|iPhone.Build.0 = Release|Any CPU
		{90B4C4CF-B304-45D8-A883-B346E19FD29A}.Release|iPhoneSimulator.ActiveCfg = Release|Any CPU
		{90B4C4CF-B304-45D8-A883-B346E19FD29A}.Release|iPhoneSimulator.Build.0 = Release|Any CPU
		{6D875CA5-2D9A-4A1F-89FE-06DF9A25F2B9}.Debug|Any CPU.ActiveCfg = Debug|Any CPU
		{6D875CA5-2D9A-4A1F-89FE-06DF9A25F2B9}.Debug|Any CPU.Build.0 = Debug|Any CPU
		{6D875CA5-2D9A-4A1F-89FE-06DF9A25F2B9}.Debug|Any CPU.Deploy.0 = Debug|Any CPU
		{6D875CA5-2D9A-4A1F-89FE-06DF9A25F2B9}.Debug|iPhone.ActiveCfg = Debug|Any CPU
		{6D875CA5-2D9A-4A1F-89FE-06DF9A25F2B9}.Debug|iPhone.Build.0 = Debug|Any CPU
		{6D875CA5-2D9A-4A1F-89FE-06DF9A25F2B9}.Debug|iPhone.Deploy.0 = Debug|Any CPU
		{6D875CA5-2D9A-4A1F-89FE-06DF9A25F2B9}.Debug|iPhoneSimulator.ActiveCfg = Debug|Any CPU
		{6D875CA5-2D9A-4A1F-89FE-06DF9A25F2B9}.Debug|iPhoneSimulator.Build.0 = Debug|Any CPU
		{6D875CA5-2D9A-4A1F-89FE-06DF9A25F2B9}.Debug|iPhoneSimulator.Deploy.0 = Debug|Any CPU
		{6D875CA5-2D9A-4A1F-89FE-06DF9A25F2B9}.Release|Any CPU.ActiveCfg = Release|Any CPU
		{6D875CA5-2D9A-4A1F-89FE-06DF9A25F2B9}.Release|Any CPU.Build.0 = Release|Any CPU
		{6D875CA5-2D9A-4A1F-89FE-06DF9A25F2B9}.Release|Any CPU.Deploy.0 = Release|Any CPU
		{6D875CA5-2D9A-4A1F-89FE-06DF9A25F2B9}.Release|iPhone.ActiveCfg = Release|Any CPU
		{6D875CA5-2D9A-4A1F-89FE-06DF9A25F2B9}.Release|iPhone.Build.0 = Release|Any CPU
		{6D875CA5-2D9A-4A1F-89FE-06DF9A25F2B9}.Release|iPhone.Deploy.0 = Release|Any CPU
		{6D875CA5-2D9A-4A1F-89FE-06DF9A25F2B9}.Release|iPhoneSimulator.ActiveCfg = Release|Any CPU
		{6D875CA5-2D9A-4A1F-89FE-06DF9A25F2B9}.Release|iPhoneSimulator.Build.0 = Release|Any CPU
		{6D875CA5-2D9A-4A1F-89FE-06DF9A25F2B9}.Release|iPhoneSimulator.Deploy.0 = Release|Any CPU
		{7210FF78-B091-4C70-B66C-DD32162484D9}.Debug|Any CPU.ActiveCfg = Debug|iPhoneSimulator
		{7210FF78-B091-4C70-B66C-DD32162484D9}.Debug|iPhone.ActiveCfg = Debug|iPhone
		{7210FF78-B091-4C70-B66C-DD32162484D9}.Debug|iPhone.Build.0 = Debug|iPhone
		{7210FF78-B091-4C70-B66C-DD32162484D9}.Debug|iPhoneSimulator.ActiveCfg = Debug|iPhoneSimulator
		{7210FF78-B091-4C70-B66C-DD32162484D9}.Debug|iPhoneSimulator.Build.0 = Debug|iPhoneSimulator
		{7210FF78-B091-4C70-B66C-DD32162484D9}.Release|Any CPU.ActiveCfg = Release|iPhoneSimulator
		{7210FF78-B091-4C70-B66C-DD32162484D9}.Release|iPhone.ActiveCfg = Release|iPhone
		{7210FF78-B091-4C70-B66C-DD32162484D9}.Release|iPhone.Build.0 = Release|iPhone
		{7210FF78-B091-4C70-B66C-DD32162484D9}.Release|iPhoneSimulator.ActiveCfg = Release|iPhoneSimulator
		{7210FF78-B091-4C70-B66C-DD32162484D9}.Release|iPhoneSimulator.Build.0 = Release|iPhoneSimulator
	EndGlobalSection
	GlobalSection(SolutionProperties) = preSolution
		HideSolutionNode = FALSE
	EndGlobalSection
	GlobalSection(ExtensibilityGlobals) = postSolution
		SolutionGuid = {8F5DA091-2F74-4DCE-B028-6567BAB6882C}
	EndGlobalSection
EndGlobal
